# THIS IS AN AUTOGENERATED FILE. DO NOT EDIT THIS FILE DIRECTLY.
# yarn lockfile v1


"@types/accepts@*":
  version "1.3.5"
  resolved "https://registry.yarnpkg.com/@types/accepts/-/accepts-1.3.5.tgz#c34bec115cfc746e04fe5a059df4ce7e7b391575"
  integrity sha512-jOdnI/3qTpHABjM5cx1Hc0sKsPoYCp+DP/GJRGtDlPd7fiV9oXGGIcjW/ZOxLIvjGz8MA+uMZI9metHlgqbgwQ==
  dependencies:
    "@types/node" "*"

"@types/body-parser@*":
  version "1.17.1"
  resolved "https://registry.yarnpkg.com/@types/body-parser/-/body-parser-1.17.1.tgz#18fcf61768fb5c30ccc508c21d6fd2e8b3bf7897"
  integrity sha512-RoX2EZjMiFMjZh9lmYrwgoP9RTpAjSHiJxdp4oidAQVO02T7HER3xj9UKue5534ULWeqVEkujhWcyvUce+d68w==
  dependencies:
    "@types/connect" "*"
    "@types/node" "*"

"@types/co-body@^0.0.3":
  version "0.0.3"
  resolved "https://registry.yarnpkg.com/@types/co-body/-/co-body-0.0.3.tgz#cd65c1b986f003fea2d50334c2654fbcd479c741"
  integrity sha512-Arrl3/wGJ2+tmwPTEESQpKxBXbvTNwPA5fgSfk5IdL+drDnkT2CSOn/FPcBqpxCCF/SoaNfm9W/OgWLTydMKuw==
  dependencies:
    "@types/koa" "*"
    "@types/node" "*"
    "@types/qs" "*"

"@types/connect@*":
  version "3.4.33"
  resolved "https://registry.yarnpkg.com/@types/connect/-/connect-3.4.33.tgz#31610c901eca573b8713c3330abc6e6b9f588546"
  integrity sha512-2+FrkXY4zllzTNfJth7jOqEHC+enpLeGslEhpnTAkg21GkRrWV4SsAtqchtT4YS9/nODBU2/ZfsBY2X4J/dX7A==
  dependencies:
    "@types/node" "*"

"@types/cookies@*":
  version "0.7.4"
  resolved "https://registry.yarnpkg.com/@types/cookies/-/cookies-0.7.4.tgz#26dedf791701abc0e36b5b79a5722f40e455f87b"
  integrity sha512-oTGtMzZZAVuEjTwCjIh8T8FrC8n/uwy+PG0yTvQcdZ7etoel7C7/3MSd7qrukENTgQtotG7gvBlBojuVs7X5rw==
  dependencies:
    "@types/connect" "*"
    "@types/express" "*"
    "@types/keygrip" "*"
    "@types/node" "*"

"@types/events@*":
  version "3.0.0"
  resolved "https://registry.yarnpkg.com/@types/events/-/events-3.0.0.tgz#2862f3f58a9a7f7c3e78d79f130dd4d71c25c2a7"
  integrity sha512-EaObqwIvayI5a8dCzhFrjKzVwKLxjoG9T6Ppd5CEo07LRKfQ8Yokw54r5+Wq7FaBQ+yXRvQAYPrHwya1/UFt9g==

"@types/express-serve-static-core@*":
  version "4.17.1"
  resolved "https://registry.yarnpkg.com/@types/express-serve-static-core/-/express-serve-static-core-4.17.1.tgz#82be64a77211b205641e0209096fd3afb62481d3"
  integrity sha512-9e7jj549ZI+RxY21Cl0t8uBnWyb22HzILupyHZjYEVK//5TT/1bZodU+yUbLnPdoYViBBnNWbxp4zYjGV0zUGw==
  dependencies:
    "@types/node" "*"
    "@types/range-parser" "*"

"@types/express@*":
  version "4.17.2"
  resolved "https://registry.yarnpkg.com/@types/express/-/express-4.17.2.tgz#a0fb7a23d8855bac31bc01d5a58cadd9b2173e6c"
  integrity sha512-5mHFNyavtLoJmnusB8OKJ5bshSzw+qkMIBAobLrIM48HJvunFva9mOa6aBwh64lBFyNwBbs0xiEFuj4eU/NjCA==
  dependencies:
    "@types/body-parser" "*"
    "@types/express-serve-static-core" "*"
    "@types/serve-static" "*"

"@types/formidable@^1.0.31":
  version "1.0.31"
  resolved "https://registry.yarnpkg.com/@types/formidable/-/formidable-1.0.31.tgz#274f9dc2d0a1a9ce1feef48c24ca0859e7ec947b"
  integrity sha512-dIhM5t8lRP0oWe2HF8MuPvdd1TpPTjhDMAqemcq6oIZQCBQTovhBAdTQ5L5veJB4pdQChadmHuxtB0YzqvfU3Q==
  dependencies:
    "@types/events" "*"
    "@types/node" "*"

"@types/http-assert@*":
  version "1.5.1"
  resolved "https://registry.yarnpkg.com/@types/http-assert/-/http-assert-1.5.1.tgz#d775e93630c2469c2f980fc27e3143240335db3b"
  integrity sha512-PGAK759pxyfXE78NbKxyfRcWYA/KwW17X290cNev/qAsn9eQIxkH4shoNBafH37wewhDG/0p1cHPbK6+SzZjWQ==

"@types/keygrip@*":
  version "1.0.1"
  resolved "https://registry.yarnpkg.com/@types/keygrip/-/keygrip-1.0.1.tgz#ff540462d2fb4d0a88441ceaf27d287b01c3d878"
  integrity sha1-/1QEYtL7TQqIRBzq8n0oewHD2Hg=

"@types/koa-compose@*":
  version "3.2.5"
  resolved "https://registry.yarnpkg.com/@types/koa-compose/-/koa-compose-3.2.5.tgz#85eb2e80ac50be95f37ccf8c407c09bbe3468e9d"
  integrity sha512-B8nG/OoE1ORZqCkBVsup/AKcvjdgoHnfi4pZMn5UwAPCbhk/96xyv284eBYW8JlQbQ7zDmnpFr68I/40mFoIBQ==
  dependencies:
    "@types/koa" "*"

"@types/koa@*":
  version "2.11.0"
  resolved "https://registry.yarnpkg.com/@types/koa/-/koa-2.11.0.tgz#394a3e9ec94f796003a6c8374b4dbc2778746f20"
  integrity sha512-Hgx/1/rVlJvqYBrdeCsS7PDiR2qbxlMt1RnmNWD4Uxi5FF9nwkYqIldo7urjc+dfNpk+2NRGcnAYd4L5xEhCcQ==
  dependencies:
    "@types/accepts" "*"
    "@types/cookies" "*"
    "@types/http-assert" "*"
    "@types/keygrip" "*"
    "@types/koa-compose" "*"
    "@types/node" "*"

"@types/mime@*":
  version "2.0.1"
  resolved "https://registry.yarnpkg.com/@types/mime/-/mime-2.0.1.tgz#dc488842312a7f075149312905b5e3c0b054c79d"
  integrity sha512-FwI9gX75FgVBJ7ywgnq/P7tw+/o1GUbtP0KzbtusLigAOgIgNISRK0ZPl4qertvXSIE8YbsVJueQ90cDt9YYyw==

"@types/node@*":
  version "12.12.11"
  resolved "https://registry.yarnpkg.com/@types/node/-/node-12.12.11.tgz#bec2961975888d964196bf0016a2f984d793d3ce"
  integrity sha512-O+x6uIpa6oMNTkPuHDa9MhMMehlxLAd5QcOvKRjAFsBVpeFWTOPnXbDvILvFgFFZfQ1xh1EZi1FbXxUix+zpsQ==

"@types/qs@*":
  version "6.9.0"
  resolved "https://registry.yarnpkg.com/@types/qs/-/qs-6.9.0.tgz#2a5fa918786d07d3725726f7f650527e1cfeaffd"
  integrity sha512-c4zji5CjWv1tJxIZkz1oUtGcdOlsH3aza28Nqmm+uNDWBRHoMsjooBEN4czZp1V3iXPihE/VRUOBqg+4Xq0W4g==

"@types/range-parser@*":
  version "1.2.3"
  resolved "https://registry.yarnpkg.com/@types/range-parser/-/range-parser-1.2.3.tgz#7ee330ba7caafb98090bece86a5ee44115904c2c"
  integrity sha512-ewFXqrQHlFsgc09MK5jP5iR7vumV/BYayNC6PgJO2LPe8vrnNFyjQjSppfEngITi0qvfKtzFvgKymGheFM9UOA==

"@types/serve-static@*":
  version "1.13.3"
  resolved "https://registry.yarnpkg.com/@types/serve-static/-/serve-static-1.13.3.tgz#eb7e1c41c4468272557e897e9171ded5e2ded9d1"
  integrity sha512-oprSwp094zOglVrXdlo/4bAHtKTAxX6VT8FOZlBKrmyLbNvE1zxZyJ6yikMVtHIvwP45+ZQGJn+FdXGKTozq0g==
  dependencies:
    "@types/express-serve-static-core" "*"
    "@types/mime" "*"

arg@4.1.0:
  version "4.1.0"
  resolved "https://registry.yarnpkg.com/arg/-/arg-4.1.0.tgz#583c518199419e0037abb74062c37f8519e575f0"
  integrity sha512-ZWc51jO3qegGkVh8Hwpv636EkbesNV5ZNQPCtRa+0qytRYPEs9IYT9qITY9buezqUH5uqyzlWLcufrzU2rffdg==

axios@^0.21.1:
  version "0.21.1"
  resolved "https://registry.yarnpkg.com/axios/-/axios-0.21.1.tgz#22563481962f4d6bde9a76d516ef0e5d3c09b2b8"
  integrity sha512-dKQiRHxGD9PPRIUNIWvZhPTPpl1rf/OxTYKsqKUDjBwYylTvV7SjSHJb9ratfyzM6wCdLCOYLzs73qpg5c4iGA==
  dependencies:
    follow-redirects "^1.10.0"

bytes@3.0.0:
  version "3.0.0"
  resolved "https://registry.yarnpkg.com/bytes/-/bytes-3.0.0.tgz#d32815404d689699f85a4ea4fa8755dd13a96048"
  integrity sha1-0ygVQE1olpn4Wk6k+odV3ROpYEg=

bytes@3.1.0:
  version "3.1.0"
  resolved "https://registry.yarnpkg.com/bytes/-/bytes-3.1.0.tgz#f6cf7933a360e0588fa9fde85651cdc7f805d1f6"
  integrity sha512-zauLjrfCG+xvoyaqLoV8bLVXXNGC4JqlxFCutSDWA6fJrTo2ZuvLYTqZ7aHBLZSMOopbzwv8f+wZcVzfVTI2Dg==

co-body@^6.0.0:
  version "6.0.0"
  resolved "https://registry.yarnpkg.com/co-body/-/co-body-6.0.0.tgz#965b9337d7f5655480787471f4237664820827e3"
  integrity sha512-9ZIcixguuuKIptnY8yemEOuhb71L/lLf+Rl5JfJEUiDNJk0e02MBt7BPxR2GEh5mw8dPthQYR4jPI/BnS1MQgw==
  dependencies:
    inflation "^2.0.0"
    qs "^6.5.2"
    raw-body "^2.3.3"
    type-is "^1.6.16"

content-type@1.0.4:
  version "1.0.4"
  resolved "https://registry.yarnpkg.com/content-type/-/content-type-1.0.4.tgz#e138cc75e040c727b1966fe5e5f8c9aee256fe3b"
  integrity sha512-hIP3EEPs8tB9AT1L+NUqtwOAps4mk2Zob89MWXMHjHWg9milF/j4osnnQLXBCBFBk/tvIG/tUc9mOUJiPBhPXA==

depd@1.1.1:
  version "1.1.1"
  resolved "https://registry.yarnpkg.com/depd/-/depd-1.1.1.tgz#5783b4e1c459f06fa5ca27f991f3d06e7a310359"
  integrity sha1-V4O04cRZ8G+lyif5kfPQbnoxA1k=

depd@~1.1.2:
  version "1.1.2"
  resolved "https://registry.yarnpkg.com/depd/-/depd-1.1.2.tgz#9bcd52e14c097763e749b274c4346ed2e560b5a9"
  integrity sha1-m81S4UwJd2PnSbJ0xDRu0uVgtak=

follow-redirects@^1.10.0:
  version "1.13.1"
  resolved "https://registry.yarnpkg.com/follow-redirects/-/follow-redirects-1.13.1.tgz#5f69b813376cee4fd0474a3aba835df04ab763b7"
  integrity sha512-SSG5xmZh1mkPGyKzjZP8zLjltIfpW32Y5QpdNJyjcfGxK3qo3NDDkZOZSFiGn1A6SclQxY9GzEwAHQ3dmYRWpg==

http-errors@1.6.2:
  version "1.6.2"
  resolved "https://registry.yarnpkg.com/http-errors/-/http-errors-1.6.2.tgz#0a002cc85707192a7e7946ceedc11155f60ec736"
  integrity sha1-CgAsyFcHGSp+eUbO7cERVfYOxzY=
  dependencies:
    depd "1.1.1"
    inherits "2.0.3"
    setprototypeof "1.0.3"
    statuses ">= 1.3.1 < 2"

http-errors@1.7.3:
  version "1.7.3"
  resolved "https://registry.yarnpkg.com/http-errors/-/http-errors-1.7.3.tgz#6c619e4f9c60308c38519498c14fbb10aacebb06"
  integrity sha512-ZTTX0MWrsQ2ZAhA1cejAwDLycFsd7I7nVtnkT3Ol0aqodaKW+0CTZDQ1uBv5whptCnc8e8HeRRJxRs0kmm/Qfw==
  dependencies:
    depd "~1.1.2"
    inherits "2.0.4"
    setprototypeof "1.1.1"
    statuses ">= 1.5.0 < 2"
    toidentifier "1.0.0"

iconv-lite@0.4.19:
  version "0.4.19"
  resolved "https://registry.yarnpkg.com/iconv-lite/-/iconv-lite-0.4.19.tgz#f7468f60135f5e5dad3399c0a81be9a1603a082b"
  integrity sha512-oTZqweIP51xaGPI4uPa56/Pri/480R+mo7SeU+YETByQNhDG55ycFyNLIgta9vXhILrxXDmF7ZGhqZIcuN0gJQ==

iconv-lite@0.4.24:
  version "0.4.24"
  resolved "https://registry.yarnpkg.com/iconv-lite/-/iconv-lite-0.4.24.tgz#2022b4b25fbddc21d2f524974a474aafe733908b"
  integrity sha512-v3MXnZAcvnywkTUEZomIActle7RXXeedOR31wwl7VlyoXO4Qi9arvSenNQWne1TcRwhCL1HwLI21bEqdpj8/rA==
  dependencies:
    safer-buffer ">= 2.1.2 < 3"

inflation@^2.0.0:
  version "2.0.0"
  resolved "https://registry.yarnpkg.com/inflation/-/inflation-2.0.0.tgz#8b417e47c28f925a45133d914ca1fd389107f30f"
  integrity sha1-i0F+R8KPklpFEz2RTKH9OJEH8w8=

inherits@2.0.3:
  version "2.0.3"
  resolved "https://registry.yarnpkg.com/inherits/-/inherits-2.0.3.tgz#633c2c83e3da42a502f52466022480f4208261de"
  integrity sha1-Yzwsg+PaQqUC9SRmAiSA9CCCYd4=

inherits@2.0.4:
  version "2.0.4"
  resolved "https://registry.yarnpkg.com/inherits/-/inherits-2.0.4.tgz#0fa2c64f932917c3433a0ded55363aae37416b7c"
  integrity sha512-k/vGaX4/Yla3WzyMCvTQOXYeIHvqOKtnqBduzTHpzpQZzAskKMhZ2K+EnBiSM9zGSoIFeMpXKxa4dYeZIQqewQ==

is-stream@1.1.0:
  version "1.1.0"
  resolved "https://registry.yarnpkg.com/is-stream/-/is-stream-1.1.0.tgz#12d4a3dd4e68e0b79ceb8dbc84173ae80d91ca44"
  integrity sha1-EtSj3U5o4Lec6428hBc66A2RykQ=

media-typer@0.3.0:
  version "0.3.0"
  resolved "https://registry.yarnpkg.com/media-typer/-/media-typer-0.3.0.tgz#8710d7af0aa626f8fffa1ce00168545263255748"
  integrity sha1-hxDXrwqmJvj/+hzgAWhUUmMlV0g=

micro@^9.3.4:
  version "9.3.4"
  resolved "https://registry.yarnpkg.com/micro/-/micro-9.3.4.tgz#745a494e53c8916f64fb6a729f8cbf2a506b35ad"
  integrity sha512-smz9naZwTG7qaFnEZ2vn248YZq9XR+XoOH3auieZbkhDL4xLOxiE+KqG8qqnBeKfXA9c1uEFGCxPN1D+nT6N7w==
  dependencies:
    arg "4.1.0"
    content-type "1.0.4"
    is-stream "1.1.0"
    raw-body "2.3.2"

mime-db@1.42.0:
  version "1.42.0"
  resolved "https://registry.yarnpkg.com/mime-db/-/mime-db-1.42.0.tgz#3e252907b4c7adb906597b4b65636272cf9e7bac"
  integrity sha512-UbfJCR4UAVRNgMpfImz05smAXK7+c+ZntjaA26ANtkXLlOe947Aag5zdIcKQULAiF9Cq4WxBi9jUs5zkA84bYQ==

mime-types@~2.1.24:
  version "2.1.25"
  resolved "https://registry.yarnpkg.com/mime-types/-/mime-types-2.1.25.tgz#39772d46621f93e2a80a856c53b86a62156a6437"
  integrity sha512-5KhStqB5xpTAeGqKBAMgwaYMnQik7teQN4IAzC7npDv6kzeU6prfkR67bc87J1kWMPGkoaZSq1npmexMgkmEVg==
  dependencies:
    mime-db "1.42.0"

qs@^6.5.2:
  version "6.9.1"
  resolved "https://registry.yarnpkg.com/qs/-/qs-6.9.1.tgz#20082c65cb78223635ab1a9eaca8875a29bf8ec9"
  integrity sha512-Cxm7/SS/y/Z3MHWSxXb8lIFqgqBowP5JMlTUFyJN88y0SGQhVmZnqFK/PeuMX9LzUyWsqqhNxIyg0jlzq946yA==

raw-body@2.3.2:
  version "2.3.2"
  resolved "https://registry.yarnpkg.com/raw-body/-/raw-body-2.3.2.tgz#bcd60c77d3eb93cde0050295c3f379389bc88f89"
  integrity sha1-vNYMd9Prk83gBQKVw/N5OJvIj4k=
  dependencies:
    bytes "3.0.0"
    http-errors "1.6.2"
    iconv-lite "0.4.19"
    unpipe "1.0.0"

raw-body@^2.3.3:
  version "2.4.1"
  resolved "https://registry.yarnpkg.com/raw-body/-/raw-body-2.4.1.tgz#30ac82f98bb5ae8c152e67149dac8d55153b168c"
  integrity sha512-9WmIKF6mkvA0SLmA2Knm9+qj89e+j1zqgyn8aXGd7+nAduPoqgI9lO57SAZNn/Byzo5P7JhXTyg9PzaJbH73bA==
  dependencies:
    bytes "3.1.0"
    http-errors "1.7.3"
    iconv-lite "0.4.24"
    unpipe "1.0.0"

"safer-buffer@>= 2.1.2 < 3":
  version "2.1.2"
  resolved "https://registry.yarnpkg.com/safer-buffer/-/safer-buffer-2.1.2.tgz#44fa161b0187b9549dd84bb91802f9bd8385cd6a"
  integrity sha512-YZo3K82SD7Riyi0E1EQPojLz7kpepnSQI9IyPbHHg1XXXevb5dJI7tpyN2ADxGcQbHG7vcyRHk0cbwqcQriUtg==

setprototypeof@1.0.3:
  version "1.0.3"
  resolved "https://registry.yarnpkg.com/setprototypeof/-/setprototypeof-1.0.3.tgz#66567e37043eeb4f04d91bd658c0cbefb55b8e04"
  integrity sha1-ZlZ+NwQ+608E2RvWWMDL77VbjgQ=

setprototypeof@1.1.1:
  version "1.1.1"
  resolved "https://registry.yarnpkg.com/setprototypeof/-/setprototypeof-1.1.1.tgz#7e95acb24aa92f5885e0abef5ba131330d4ae683"
  integrity sha512-JvdAWfbXeIGaZ9cILp38HntZSFSo3mWg6xGcJJsd+d4aRMOqauag1C63dJfDw7OaMYwEbHMOxEZ1lqVRYP2OAw==

"statuses@>= 1.3.1 < 2", "statuses@>= 1.5.0 < 2":
  version "1.5.0"
  resolved "https://registry.yarnpkg.com/statuses/-/statuses-1.5.0.tgz#161c7dac177659fd9811f43771fa99381478628c"
  integrity sha1-Fhx9rBd2Wf2YEfQ3cfqZOBR4Yow=

toidentifier@1.0.0:
  version "1.0.0"
  resolved "https://registry.yarnpkg.com/toidentifier/-/toidentifier-1.0.0.tgz#7e1be3470f1e77948bc43d94a3c8f4d7752ba553"
  integrity sha512-yaOH/Pk/VEhBWWTlhI+qXxDFXlejDGcQipMlyxda9nthulaxLZUNcUqFxokp0vcYnvteJln5FNQDRrxj3YcbVw==

type-is@^1.6.16:
  version "1.6.18"
  resolved "https://registry.yarnpkg.com/type-is/-/type-is-1.6.18.tgz#4e552cd05df09467dcbc4ef739de89f2cf37c131"
  integrity sha512-TkRKr9sUTxEH8MdfuCSP7VizJyzRNMjj2J2do2Jr3Kym598JVdEksuzPQCnlFPW4ky9Q+iA+ma9BGm06XQBy8g==
  dependencies:
    media-typer "0.3.0"
    mime-types "~2.1.24"

typescript@^3.7.2:
  version "3.7.2"
  resolved "https://registry.yarnpkg.com/typescript/-/typescript-3.7.2.tgz#27e489b95fa5909445e9fef5ee48d81697ad18fb"
  integrity sha512-ml7V7JfiN2Xwvcer+XAf2csGO1bPBdRbFCkYBczNZggrBZ9c7G3riSUeJmqEU5uOtXNPMhE3n+R4FA/3YOAWOQ==

unpipe@1.0.0:
  version "1.0.0"
  resolved "https://registry.yarnpkg.com/unpipe/-/unpipe-1.0.0.tgz#b2bf4ee8514aae6165b4817829d21b2ef49904ec"
  integrity sha1-sr9O6FFKrmFltIF4KdIbLvSZBOw=
